{
  "originHash" : "0dd02ae1ce11745b8153f2e238ca1b42f176c1ee3b52e45557c0b2c3e109cbaf",
  "pins" : [
    {
      "identity" : "openmultitouchsupport",
      "kind" : "remoteSourceControl",
      "location" : "https://github.com/KrishKrosh/OpenMultitouchSupport.git",
      "state" : {
        "revision" : "1a4aeff416773ae04bfce515f94b872cfa2c47ba",
        "version" : "1.0.12"
      }
    }
  ],
  "version" : 3
}
